// !$*UTF8*$!
{
	archiveVersion = 1;
	classes = {
	};
	objectVersion = 56;
	objects = {

/* Begin PBXBuildFile section */
		0A5EFA562AC15EDB0022929C /* UserLocationService.swift in Sources */ = {isa = PBXBuildFile; fileRef = 0A5EFA552AC15EDB0022929C /* UserLocationService.swift */; };
		0A9A022C2AC01FB100271293 /* Places.swift in Sources */ = {isa = PBXBuildFile; fileRef = 0A9A022B2AC01FB100271293 /* Places.swift */; };
		0A9A02302AC03DFF00271293 /* PlaceService.swift in Sources */ = {isa = PBXBuildFile; fileRef = 0A9A022F2AC03DFF00271293 /* PlaceService.swift */; };
		0A9A02362AC066BF00271293 /* LastLocationService.swift in Sources */ = {isa = PBXBuildFile; fileRef = 0A9A02352AC066BF00271293 /* LastLocationService.swift */; };
		0A9A02382AC1323000271293 /* UIView + Extensions.swift in Sources */ = {isa = PBXBuildFile; fileRef = 0A9A02372AC1322F00271293 /* UIView + Extensions.swift */; };
		0A9A023A2AC1349800271293 /* PlaceAnnotation.swift in Sources */ = {isa = PBXBuildFile; fileRef = 0A9A02392AC1349800271293 /* PlaceAnnotation.swift */; };
		0A9DA78D2ABC60AB0021A8B1 /* AppDelegate.swift in Sources */ = {isa = PBXBuildFile; fileRef = 0A9DA78C2ABC60AB0021A8B1 /* AppDelegate.swift */; };
		0A9DA7962ABC60AD0021A8B1 /* Assets.xcassets in Resources */ = {isa = PBXBuildFile; fileRef = 0A9DA7952ABC60AD0021A8B1 /* Assets.xcassets */; };
		0A9DA7992ABC60AD0021A8B1 /* LaunchScreen.storyboard in Resources */ = {isa = PBXBuildFile; fileRef = 0A9DA7972ABC60AD0021A8B1 /* LaunchScreen.storyboard */; };
		0A9DA7AD2ABC658C0021A8B1 /* PlaceDetailsViewModel.swift in Sources */ = {isa = PBXBuildFile; fileRef = 0A9DA7AC2ABC658C0021A8B1 /* PlaceDetailsViewModel.swift */; };
		0A9DA7AF2ABC65C30021A8B1 /* PlaceDetailsViewController.swift in Sources */ = {isa = PBXBuildFile; fileRef = 0A9DA7AE2ABC65C30021A8B1 /* PlaceDetailsViewController.swift */; };
		0A9DA7B52ABC66160021A8B1 /* MapViewModel.swift in Sources */ = {isa = PBXBuildFile; fileRef = 0A9DA7B42ABC66160021A8B1 /* MapViewModel.swift */; };
		0A9DA7B72ABC66220021A8B1 /* MapViewController.swift in Sources */ = {isa = PBXBuildFile; fileRef = 0A9DA7B62ABC66220021A8B1 /* MapViewController.swift */; };
		0A9DA7BF2ABC664B0021A8B1 /* AuthViewController.swift in Sources */ = {isa = PBXBuildFile; fileRef = 0A9DA7BE2ABC664B0021A8B1 /* AuthViewController.swift */; };
		0A9DA7C32ABC66570021A8B1 /* AuthConstants.swift in Sources */ = {isa = PBXBuildFile; fileRef = 0A9DA7C22ABC66570021A8B1 /* AuthConstants.swift */; };
		0A9DA7C82ABC66A30021A8B1 /* ScreenAssembly.swift in Sources */ = {isa = PBXBuildFile; fileRef = 0A9DA7C72ABC66A30021A8B1 /* ScreenAssembly.swift */; };
		0A9DA7CE2ABC8B090021A8B1 /* PlaceDetailsConstants.swift in Sources */ = {isa = PBXBuildFile; fileRef = 0A9DA7CD2ABC8B090021A8B1 /* PlaceDetailsConstants.swift */; };
		0A9DA7D02ABC8B100021A8B1 /* MapConstants.swift in Sources */ = {isa = PBXBuildFile; fileRef = 0A9DA7CF2ABC8B100021A8B1 /* MapConstants.swift */; };
		0A9DA7D62ABCB06C0021A8B1 /* NetworkService.swift in Sources */ = {isa = PBXBuildFile; fileRef = 0A9DA7D52ABCB06C0021A8B1 /* NetworkService.swift */; };
		0A9DA7DC2ABD50E10021A8B1 /* AuthCell.swift in Sources */ = {isa = PBXBuildFile; fileRef = 0A9DA7DB2ABD50E10021A8B1 /* AuthCell.swift */; };
		0A9DA7E42ABD562C0021A8B1 /* CellsReusingUtils.swift in Sources */ = {isa = PBXBuildFile; fileRef = 0A9DA7E32ABD562C0021A8B1 /* CellsReusingUtils.swift */; };
		0A9DA7E62ABD58990021A8B1 /* AuthParameters.swift in Sources */ = {isa = PBXBuildFile; fileRef = 0A9DA7E02ABD53120021A8B1 /* AuthParameters.swift */; };
		0A9DA7EC2ABD92F30021A8B1 /* AuthViewModel.swift in Sources */ = {isa = PBXBuildFile; fileRef = 0A9DA7EB2ABD92F30021A8B1 /* AuthViewModel.swift */; };
		0A9DA7F42ABD96370021A8B1 /* Dynamic.swift in Sources */ = {isa = PBXBuildFile; fileRef = 0A9DA7F32ABD96370021A8B1 /* Dynamic.swift */; };
		0AA1C27B2AC1FE0800D248AE /* String + Extensions.swift in Sources */ = {isa = PBXBuildFile; fileRef = 0AA1C27A2AC1FE0800D248AE /* String + Extensions.swift */; };
		0AA1C27D2AC1FF3400D248AE /* TabBarController.swift in Sources */ = {isa = PBXBuildFile; fileRef = 0AA1C27C2AC1FF3400D248AE /* TabBarController.swift */; };
		0AA1C27F2AC208E400D248AE /* FavoritesViewController.swift in Sources */ = {isa = PBXBuildFile; fileRef = 0AA1C27E2AC208E400D248AE /* FavoritesViewController.swift */; };
		0AA1C2812AC208F500D248AE /* FavoritesViewModel.swift in Sources */ = {isa = PBXBuildFile; fileRef = 0AA1C2802AC208F500D248AE /* FavoritesViewModel.swift */; };
		0AA1C2832AC208FE00D248AE /* FavoritesConstants.swift in Sources */ = {isa = PBXBuildFile; fileRef = 0AA1C2822AC208FE00D248AE /* FavoritesConstants.swift */; };
		0AA1C2892AC20B2700D248AE /* FavoritesService.swift in Sources */ = {isa = PBXBuildFile; fileRef = 0AA1C2882AC20B2700D248AE /* FavoritesService.swift */; };
		0AB395C32AC48ADE00BFE90F /* RegParameters.swift in Sources */ = {isa = PBXBuildFile; fileRef = 0AB395C22AC48ADE00BFE90F /* RegParameters.swift */; };
		0AB395C72AC4911D00BFE90F /* Parameters.swift in Sources */ = {isa = PBXBuildFile; fileRef = 0AB395C62AC4911D00BFE90F /* Parameters.swift */; };
		0AB395C92AC49E1100BFE90F /* AuthState.swift in Sources */ = {isa = PBXBuildFile; fileRef = 0AB395C82AC49E1100BFE90F /* AuthState.swift */; };
		0AB395CB2AC4A31B00BFE90F /* ValidationService.swift in Sources */ = {isa = PBXBuildFile; fileRef = 0AB395CA2AC4A31B00BFE90F /* ValidationService.swift */; };
		0AB395CD2AC4BDCB00BFE90F /* User.swift in Sources */ = {isa = PBXBuildFile; fileRef = 0AB395CC2AC4BDCB00BFE90F /* User.swift */; };
		0AB395CF2AC4BF6C00BFE90F /* AuthService.swift in Sources */ = {isa = PBXBuildFile; fileRef = 0AB395CE2AC4BF6C00BFE90F /* AuthService.swift */; };
/* End PBXBuildFile section */

/* Begin PBXFileReference section */
		0A5EFA552AC15EDB0022929C /* UserLocationService.swift */ = {isa = PBXFileReference; lastKnownFileType = sourcecode.swift; path = UserLocationService.swift; sourceTree = "<group>"; };
		0A9A022B2AC01FB100271293 /* Places.swift */ = {isa = PBXFileReference; lastKnownFileType = sourcecode.swift; path = Places.swift; sourceTree = "<group>"; };
		0A9A022F2AC03DFF00271293 /* PlaceService.swift */ = {isa = PBXFileReference; lastKnownFileType = sourcecode.swift; path = PlaceService.swift; sourceTree = "<group>"; };
		0A9A02352AC066BF00271293 /* LastLocationService.swift */ = {isa = PBXFileReference; lastKnownFileType = sourcecode.swift; path = LastLocationService.swift; sourceTree = "<group>"; };
		0A9A02372AC1322F00271293 /* UIView + Extensions.swift */ = {isa = PBXFileReference; lastKnownFileType = sourcecode.swift; path = "UIView + Extensions.swift"; sourceTree = "<group>"; };
		0A9A02392AC1349800271293 /* PlaceAnnotation.swift */ = {isa = PBXFileReference; lastKnownFileType = sourcecode.swift; path = PlaceAnnotation.swift; sourceTree = "<group>"; };
		0A9DA7892ABC60AB0021A8B1 /* Joy Dev Maps.app */ = {isa = PBXFileReference; explicitFileType = wrapper.application; includeInIndex = 0; path = "Joy Dev Maps.app"; sourceTree = BUILT_PRODUCTS_DIR; };
		0A9DA78C2ABC60AB0021A8B1 /* AppDelegate.swift */ = {isa = PBXFileReference; lastKnownFileType = sourcecode.swift; path = AppDelegate.swift; sourceTree = "<group>"; };
		0A9DA7952ABC60AD0021A8B1 /* Assets.xcassets */ = {isa = PBXFileReference; lastKnownFileType = folder.assetcatalog; path = Assets.xcassets; sourceTree = "<group>"; };
		0A9DA7982ABC60AD0021A8B1 /* Base */ = {isa = PBXFileReference; lastKnownFileType = file.storyboard; name = Base; path = Base.lproj/LaunchScreen.storyboard; sourceTree = "<group>"; };
		0A9DA79A2ABC60AD0021A8B1 /* Info.plist */ = {isa = PBXFileReference; lastKnownFileType = text.plist.xml; path = Info.plist; sourceTree = "<group>"; };
		0A9DA7A02ABC61150021A8B1 /* Config.xcconfig */ = {isa = PBXFileReference; lastKnownFileType = text.xcconfig; path = Config.xcconfig; sourceTree = "<group>"; };
		0A9DA7A12ABC611F0021A8B1 /* Secrets.xcconfig */ = {isa = PBXFileReference; lastKnownFileType = text.xcconfig; path = Secrets.xcconfig; sourceTree = "<group>"; };
		0A9DA7AC2ABC658C0021A8B1 /* PlaceDetailsViewModel.swift */ = {isa = PBXFileReference; lastKnownFileType = sourcecode.swift; path = PlaceDetailsViewModel.swift; sourceTree = "<group>"; };
		0A9DA7AE2ABC65C30021A8B1 /* PlaceDetailsViewController.swift */ = {isa = PBXFileReference; lastKnownFileType = sourcecode.swift; path = PlaceDetailsViewController.swift; sourceTree = "<group>"; };
		0A9DA7B42ABC66160021A8B1 /* MapViewModel.swift */ = {isa = PBXFileReference; lastKnownFileType = sourcecode.swift; path = MapViewModel.swift; sourceTree = "<group>"; };
		0A9DA7B62ABC66220021A8B1 /* MapViewController.swift */ = {isa = PBXFileReference; lastKnownFileType = sourcecode.swift; path = MapViewController.swift; sourceTree = "<group>"; };
		0A9DA7BE2ABC664B0021A8B1 /* AuthViewController.swift */ = {isa = PBXFileReference; lastKnownFileType = sourcecode.swift; path = AuthViewController.swift; sourceTree = "<group>"; };
		0A9DA7C22ABC66570021A8B1 /* AuthConstants.swift */ = {isa = PBXFileReference; lastKnownFileType = sourcecode.swift; path = AuthConstants.swift; sourceTree = "<group>"; };
		0A9DA7C72ABC66A30021A8B1 /* ScreenAssembly.swift */ = {isa = PBXFileReference; lastKnownFileType = sourcecode.swift; path = ScreenAssembly.swift; sourceTree = "<group>"; };
		0A9DA7CD2ABC8B090021A8B1 /* PlaceDetailsConstants.swift */ = {isa = PBXFileReference; lastKnownFileType = sourcecode.swift; path = PlaceDetailsConstants.swift; sourceTree = "<group>"; };
		0A9DA7CF2ABC8B100021A8B1 /* MapConstants.swift */ = {isa = PBXFileReference; lastKnownFileType = sourcecode.swift; path = MapConstants.swift; sourceTree = "<group>"; };
		0A9DA7D52ABCB06C0021A8B1 /* NetworkService.swift */ = {isa = PBXFileReference; lastKnownFileType = sourcecode.swift; path = NetworkService.swift; sourceTree = "<group>"; };
		0A9DA7DB2ABD50E10021A8B1 /* AuthCell.swift */ = {isa = PBXFileReference; lastKnownFileType = sourcecode.swift; path = AuthCell.swift; sourceTree = "<group>"; };
		0A9DA7E02ABD53120021A8B1 /* AuthParameters.swift */ = {isa = PBXFileReference; lastKnownFileType = sourcecode.swift; path = AuthParameters.swift; sourceTree = "<group>"; };
		0A9DA7E32ABD562C0021A8B1 /* CellsReusingUtils.swift */ = {isa = PBXFileReference; lastKnownFileType = sourcecode.swift; path = CellsReusingUtils.swift; sourceTree = "<group>"; };
		0A9DA7EB2ABD92F30021A8B1 /* AuthViewModel.swift */ = {isa = PBXFileReference; lastKnownFileType = sourcecode.swift; path = AuthViewModel.swift; sourceTree = "<group>"; };
		0A9DA7F32ABD96370021A8B1 /* Dynamic.swift */ = {isa = PBXFileReference; lastKnownFileType = sourcecode.swift; path = Dynamic.swift; sourceTree = "<group>"; };
		0AA1C27A2AC1FE0800D248AE /* String + Extensions.swift */ = {isa = PBXFileReference; lastKnownFileType = sourcecode.swift; path = "String + Extensions.swift"; sourceTree = "<group>"; };
		0AA1C27C2AC1FF3400D248AE /* TabBarController.swift */ = {isa = PBXFileReference; lastKnownFileType = sourcecode.swift; path = TabBarController.swift; sourceTree = "<group>"; };
		0AA1C27E2AC208E400D248AE /* FavoritesViewController.swift */ = {isa = PBXFileReference; lastKnownFileType = sourcecode.swift; path = FavoritesViewController.swift; sourceTree = "<group>"; };
		0AA1C2802AC208F500D248AE /* FavoritesViewModel.swift */ = {isa = PBXFileReference; lastKnownFileType = sourcecode.swift; path = FavoritesViewModel.swift; sourceTree = "<group>"; };
		0AA1C2822AC208FE00D248AE /* FavoritesConstants.swift */ = {isa = PBXFileReference; lastKnownFileType = sourcecode.swift; path = FavoritesConstants.swift; sourceTree = "<group>"; };
		0AA1C2882AC20B2700D248AE /* FavoritesService.swift */ = {isa = PBXFileReference; lastKnownFileType = sourcecode.swift; path = FavoritesService.swift; sourceTree = "<group>"; };
		0AB395C22AC48ADE00BFE90F /* RegParameters.swift */ = {isa = PBXFileReference; lastKnownFileType = sourcecode.swift; path = RegParameters.swift; sourceTree = "<group>"; };
		0AB395C62AC4911D00BFE90F /* Parameters.swift */ = {isa = PBXFileReference; lastKnownFileType = sourcecode.swift; path = Parameters.swift; sourceTree = "<group>"; };
		0AB395C82AC49E1100BFE90F /* AuthState.swift */ = {isa = PBXFileReference; lastKnownFileType = sourcecode.swift; path = AuthState.swift; sourceTree = "<group>"; };
		0AB395CA2AC4A31B00BFE90F /* ValidationService.swift */ = {isa = PBXFileReference; lastKnownFileType = sourcecode.swift; path = ValidationService.swift; sourceTree = "<group>"; };
		0AB395CC2AC4BDCB00BFE90F /* User.swift */ = {isa = PBXFileReference; lastKnownFileType = sourcecode.swift; path = User.swift; sourceTree = "<group>"; };
		0AB395CE2AC4BF6C00BFE90F /* AuthService.swift */ = {isa = PBXFileReference; lastKnownFileType = sourcecode.swift; path = AuthService.swift; sourceTree = "<group>"; };
/* End PBXFileReference section */

/* Begin PBXFrameworksBuildPhase section */
		0A9DA7862ABC60AB0021A8B1 /* Frameworks */ = {
			isa = PBXFrameworksBuildPhase;
			buildActionMask = 2147483647;
			files = (
			);
			runOnlyForDeploymentPostprocessing = 0;
		};
/* End PBXFrameworksBuildPhase section */

/* Begin PBXGroup section */
		0A9A02242AC0026800271293 /* Constants */ = {
			isa = PBXGroup;
			children = (
				0A9DA7CF2ABC8B100021A8B1 /* MapConstants.swift */,
			);
			path = Constants;
			sourceTree = "<group>";
		};
		0A9A02252AC002EE00271293 /* ViewModel */ = {
			isa = PBXGroup;
			children = (
				0A9DA7B42ABC66160021A8B1 /* MapViewModel.swift */,
			);
			path = ViewModel;
			sourceTree = "<group>";
		};
		0A9A02262AC002FF00271293 /* View */ = {
			isa = PBXGroup;
			children = (
				0A9DA7B62ABC66220021A8B1 /* MapViewController.swift */,
			);
			path = View;
			sourceTree = "<group>";
		};
		0A9A02272AC0045800271293 /* Contants */ = {
			isa = PBXGroup;
			children = (
				0A9DA7CD2ABC8B090021A8B1 /* PlaceDetailsConstants.swift */,
			);
			path = Contants;
			sourceTree = "<group>";
		};
		0A9A02282AC0046800271293 /* ViewModel */ = {
			isa = PBXGroup;
			children = (
				0A9DA7AC2ABC658C0021A8B1 /* PlaceDetailsViewModel.swift */,
			);
			path = ViewModel;
			sourceTree = "<group>";
		};
		0A9A02292AC0049900271293 /* View */ = {
			isa = PBXGroup;
			children = (
				0A9DA7AE2ABC65C30021A8B1 /* PlaceDetailsViewController.swift */,
			);
			path = View;
			sourceTree = "<group>";
		};
		0A9A022A2AC01F9600271293 /* JSON */ = {
			isa = PBXGroup;
			children = (
				0A9A022B2AC01FB100271293 /* Places.swift */,
			);
			path = JSON;
			sourceTree = "<group>";
		};
		0A9A023B2AC1349D00271293 /* MapKit */ = {
			isa = PBXGroup;
			children = (
				0A9A02392AC1349800271293 /* PlaceAnnotation.swift */,
			);
			path = MapKit;
			sourceTree = "<group>";
		};
		0A9A023C2AC134AB00271293 /* UI */ = {
			isa = PBXGroup;
			children = (
				0AB395C62AC4911D00BFE90F /* Parameters.swift */,
				0A9DA7E02ABD53120021A8B1 /* AuthParameters.swift */,
				0AB395C22AC48ADE00BFE90F /* RegParameters.swift */,
				0AB395C82AC49E1100BFE90F /* AuthState.swift */,
			);
			path = UI;
			sourceTree = "<group>";
		};
		0A9DA7802ABC60AB0021A8B1 = {
			isa = PBXGroup;
			children = (
				0A9DA78B2ABC60AB0021A8B1 /* Joy Dev Maps */,
				0A9DA7A12ABC611F0021A8B1 /* Secrets.xcconfig */,
				0A9DA7A02ABC61150021A8B1 /* Config.xcconfig */,
				0A9DA78A2ABC60AB0021A8B1 /* Products */,
			);
			sourceTree = "<group>";
		};
		0A9DA78A2ABC60AB0021A8B1 /* Products */ = {
			isa = PBXGroup;
			children = (
				0A9DA7892ABC60AB0021A8B1 /* Joy Dev Maps.app */,
			);
			name = Products;
			sourceTree = "<group>";
		};
		0A9DA78B2ABC60AB0021A8B1 /* Joy Dev Maps */ = {
			isa = PBXGroup;
			children = (
				0A9DA7A42ABC63770021A8B1 /* App */,
				0A9DA7C62ABC66930021A8B1 /* Assembly */,
				0A9DA7DD2ABD529D0021A8B1 /* Models */,
				0A9DA7A52ABC637F0021A8B1 /* Screens */,
				0A9DA7A62ABC63930021A8B1 /* Services */,
				0A9DA7A22ABC63120021A8B1 /* Resources */,
				0A9DA7F52ABD963C0021A8B1 /* Helpers */,
				0A9DA7E22ABD55700021A8B1 /* Extensions */,
				0A9DA7A32ABC636C0021A8B1 /* Supporting Files */,
			);
			path = "Joy Dev Maps";
			sourceTree = "<group>";
		};
		0A9DA7A22ABC63120021A8B1 /* Resources */ = {
			isa = PBXGroup;
			children = (
				0A9DA7952ABC60AD0021A8B1 /* Assets.xcassets */,
			);
			path = Resources;
			sourceTree = "<group>";
		};
		0A9DA7A32ABC636C0021A8B1 /* Supporting Files */ = {
			isa = PBXGroup;
			children = (
				0A9DA7972ABC60AD0021A8B1 /* LaunchScreen.storyboard */,
				0A9DA79A2ABC60AD0021A8B1 /* Info.plist */,
			);
			path = "Supporting Files";
			sourceTree = "<group>";
		};
		0A9DA7A42ABC63770021A8B1 /* App */ = {
			isa = PBXGroup;
			children = (
				0A9DA78C2ABC60AB0021A8B1 /* AppDelegate.swift */,
			);
			path = App;
			sourceTree = "<group>";
		};
		0A9DA7A52ABC637F0021A8B1 /* Screens */ = {
			isa = PBXGroup;
			children = (
				0A9DA7A82ABC64C70021A8B1 /* Auth */,
				0A9DA7A92ABC64D70021A8B1 /* Map */,
				0AA1C2872AC2091D00D248AE /* Favorites */,
				0A9DA7AA2ABC65570021A8B1 /* PlaceDetails */,
				0AA1C27C2AC1FF3400D248AE /* TabBarController.swift */,
			);
			path = Screens;
			sourceTree = "<group>";
		};
		0A9DA7A62ABC63930021A8B1 /* Services */ = {
			isa = PBXGroup;
			children = (
				0A9DA7D52ABCB06C0021A8B1 /* NetworkService.swift */,
				0A9A022F2AC03DFF00271293 /* PlaceService.swift */,
				0AA1C2882AC20B2700D248AE /* FavoritesService.swift */,
				0A9A02352AC066BF00271293 /* LastLocationService.swift */,
				0A5EFA552AC15EDB0022929C /* UserLocationService.swift */,
				0AB395CA2AC4A31B00BFE90F /* ValidationService.swift */,
				0AB395CE2AC4BF6C00BFE90F /* AuthService.swift */,
			);
			path = Services;
			sourceTree = "<group>";
		};
		0A9DA7A82ABC64C70021A8B1 /* Auth */ = {
			isa = PBXGroup;
			children = (
				0A9DA7F22ABD943D0021A8B1 /* Constants */,
				0A9DA7F12ABD942D0021A8B1 /* ViewModel */,
				0A9DA7F02ABD94260021A8B1 /* View */,
			);
			path = Auth;
			sourceTree = "<group>";
		};
		0A9DA7A92ABC64D70021A8B1 /* Map */ = {
			isa = PBXGroup;
			children = (
				0A9A02242AC0026800271293 /* Constants */,
				0A9A02252AC002EE00271293 /* ViewModel */,
				0A9A02262AC002FF00271293 /* View */,
			);
			path = Map;
			sourceTree = "<group>";
		};
		0A9DA7AA2ABC65570021A8B1 /* PlaceDetails */ = {
			isa = PBXGroup;
			children = (
				0A9A02272AC0045800271293 /* Contants */,
				0A9A02282AC0046800271293 /* ViewModel */,
				0A9A02292AC0049900271293 /* View */,
			);
			path = PlaceDetails;
			sourceTree = "<group>";
		};
		0A9DA7C62ABC66930021A8B1 /* Assembly */ = {
			isa = PBXGroup;
			children = (
				0A9DA7C72ABC66A30021A8B1 /* ScreenAssembly.swift */,
			);
			path = Assembly;
			sourceTree = "<group>";
		};
		0A9DA7DD2ABD529D0021A8B1 /* Models */ = {
			isa = PBXGroup;
			children = (
				0A9A022A2AC01F9600271293 /* JSON */,
				0A9A023C2AC134AB00271293 /* UI */,
				0A9A023B2AC1349D00271293 /* MapKit */,
				0AB395CC2AC4BDCB00BFE90F /* User.swift */,
			);
			path = Models;
			sourceTree = "<group>";
		};
		0A9DA7E22ABD55700021A8B1 /* Extensions */ = {
			isa = PBXGroup;
			children = (
				0A9DA7E32ABD562C0021A8B1 /* CellsReusingUtils.swift */,
				0A9A02372AC1322F00271293 /* UIView + Extensions.swift */,
				0AA1C27A2AC1FE0800D248AE /* String + Extensions.swift */,
			);
			path = Extensions;
			sourceTree = "<group>";
		};
		0A9DA7ED2ABD93650021A8B1 /* Cell */ = {
			isa = PBXGroup;
			children = (
				0A9DA7DB2ABD50E10021A8B1 /* AuthCell.swift */,
			);
			path = Cell;
			sourceTree = "<group>";
		};
		0A9DA7F02ABD94260021A8B1 /* View */ = {
			isa = PBXGroup;
			children = (
				0A9DA7ED2ABD93650021A8B1 /* Cell */,
				0A9DA7BE2ABC664B0021A8B1 /* AuthViewController.swift */,
			);
			path = View;
			sourceTree = "<group>";
		};
		0A9DA7F12ABD942D0021A8B1 /* ViewModel */ = {
			isa = PBXGroup;
			children = (
				0A9DA7EB2ABD92F30021A8B1 /* AuthViewModel.swift */,
			);
			path = ViewModel;
			sourceTree = "<group>";
		};
		0A9DA7F22ABD943D0021A8B1 /* Constants */ = {
			isa = PBXGroup;
			children = (
				0A9DA7C22ABC66570021A8B1 /* AuthConstants.swift */,
			);
			path = Constants;
			sourceTree = "<group>";
		};
		0A9DA7F52ABD963C0021A8B1 /* Helpers */ = {
			isa = PBXGroup;
			children = (
				0A9DA7F32ABD96370021A8B1 /* Dynamic.swift */,
			);
			path = Helpers;
			sourceTree = "<group>";
		};
		0AA1C2842AC2090200D248AE /* Constants */ = {
			isa = PBXGroup;
			children = (
				0AA1C2822AC208FE00D248AE /* FavoritesConstants.swift */,
			);
			path = Constants;
			sourceTree = "<group>";
		};
		0AA1C2852AC2090B00D248AE /* ViewModel */ = {
			isa = PBXGroup;
			children = (
				0AA1C2802AC208F500D248AE /* FavoritesViewModel.swift */,
			);
			path = ViewModel;
			sourceTree = "<group>";
		};
		0AA1C2862AC2091300D248AE /* View */ = {
			isa = PBXGroup;
			children = (
				0AA1C27E2AC208E400D248AE /* FavoritesViewController.swift */,
			);
			path = View;
			sourceTree = "<group>";
		};
		0AA1C2872AC2091D00D248AE /* Favorites */ = {
			isa = PBXGroup;
			children = (
				0AA1C2842AC2090200D248AE /* Constants */,
				0AA1C2852AC2090B00D248AE /* ViewModel */,
				0AA1C2862AC2091300D248AE /* View */,
			);
			path = Favorites;
			sourceTree = "<group>";
		};
/* End PBXGroup section */

/* Begin PBXNativeTarget section */
		0A9DA7882ABC60AB0021A8B1 /* Joy Dev Maps */ = {
			isa = PBXNativeTarget;
			buildConfigurationList = 0A9DA79D2ABC60AD0021A8B1 /* Build configuration list for PBXNativeTarget "Joy Dev Maps" */;
			buildPhases = (
				0A9DA7852ABC60AB0021A8B1 /* Sources */,
				0A9DA7862ABC60AB0021A8B1 /* Frameworks */,
				0A9DA7872ABC60AB0021A8B1 /* Resources */,
			);
			buildRules = (
			);
			dependencies = (
			);
			name = "Joy Dev Maps";
			productName = "Joy Dev Maps";
			productReference = 0A9DA7892ABC60AB0021A8B1 /* Joy Dev Maps.app */;
			productType = "com.apple.product-type.application";
		};
/* End PBXNativeTarget section */

/* Begin PBXProject section */
		0A9DA7812ABC60AB0021A8B1 /* Project object */ = {
			isa = PBXProject;
			attributes = {
				BuildIndependentTargetsInParallel = 1;
				LastSwiftUpdateCheck = 1500;
				LastUpgradeCheck = 1500;
				TargetAttributes = {
					0A9DA7882ABC60AB0021A8B1 = {
						CreatedOnToolsVersion = 15.0;
					};
				};
			};
			buildConfigurationList = 0A9DA7842ABC60AB0021A8B1 /* Build configuration list for PBXProject "Joy Dev Maps" */;
			compatibilityVersion = "Xcode 14.0";
			developmentRegion = en;
			hasScannedForEncodings = 0;
			knownRegions = (
				en,
				Base,
			);
			mainGroup = 0A9DA7802ABC60AB0021A8B1;
			productRefGroup = 0A9DA78A2ABC60AB0021A8B1 /* Products */;
			projectDirPath = "";
			projectRoot = "";
			targets = (
				0A9DA7882ABC60AB0021A8B1 /* Joy Dev Maps */,
			);
		};
/* End PBXProject section */

/* Begin PBXResourcesBuildPhase section */
		0A9DA7872ABC60AB0021A8B1 /* Resources */ = {
			isa = PBXResourcesBuildPhase;
			buildActionMask = 2147483647;
			files = (
				0A9DA7992ABC60AD0021A8B1 /* LaunchScreen.storyboard in Resources */,
				0A9DA7962ABC60AD0021A8B1 /* Assets.xcassets in Resources */,
			);
			runOnlyForDeploymentPostprocessing = 0;
		};
/* End PBXResourcesBuildPhase section */

/* Begin PBXSourcesBuildPhase section */
		0A9DA7852ABC60AB0021A8B1 /* Sources */ = {
			isa = PBXSourcesBuildPhase;
			buildActionMask = 2147483647;
			files = (
				0AA1C2812AC208F500D248AE /* FavoritesViewModel.swift in Sources */,
				0A9DA7DC2ABD50E10021A8B1 /* AuthCell.swift in Sources */,
				0A5EFA562AC15EDB0022929C /* UserLocationService.swift in Sources */,
				0AA1C2832AC208FE00D248AE /* FavoritesConstants.swift in Sources */,
				0AA1C27F2AC208E400D248AE /* FavoritesViewController.swift in Sources */,
				0AA1C27D2AC1FF3400D248AE /* TabBarController.swift in Sources */,
				0A9DA7C32ABC66570021A8B1 /* AuthConstants.swift in Sources */,
				0A9A023A2AC1349800271293 /* PlaceAnnotation.swift in Sources */,
				0A9DA7AD2ABC658C0021A8B1 /* PlaceDetailsViewModel.swift in Sources */,
				0A9A022C2AC01FB100271293 /* Places.swift in Sources */,
				0A9DA7E42ABD562C0021A8B1 /* CellsReusingUtils.swift in Sources */,
				0AB395CB2AC4A31B00BFE90F /* ValidationService.swift in Sources */,
				0AB395C72AC4911D00BFE90F /* Parameters.swift in Sources */,
				0A9DA7B52ABC66160021A8B1 /* MapViewModel.swift in Sources */,
				0A9DA7F42ABD96370021A8B1 /* Dynamic.swift in Sources */,
				0A9A02382AC1323000271293 /* UIView + Extensions.swift in Sources */,
				0A9DA7D02ABC8B100021A8B1 /* MapConstants.swift in Sources */,
				0AA1C2892AC20B2700D248AE /* FavoritesService.swift in Sources */,
				0A9DA7CE2ABC8B090021A8B1 /* PlaceDetailsConstants.swift in Sources */,
				0A9DA7D62ABCB06C0021A8B1 /* NetworkService.swift in Sources */,
				0A9DA7BF2ABC664B0021A8B1 /* AuthViewController.swift in Sources */,
				0A9DA7E62ABD58990021A8B1 /* AuthParameters.swift in Sources */,
				0AA1C27B2AC1FE0800D248AE /* String + Extensions.swift in Sources */,
				0AB395CD2AC4BDCB00BFE90F /* User.swift in Sources */,
				0A9A02302AC03DFF00271293 /* PlaceService.swift in Sources */,
				0A9A02362AC066BF00271293 /* LastLocationService.swift in Sources */,
				0A9DA7AF2ABC65C30021A8B1 /* PlaceDetailsViewController.swift in Sources */,
				0A9DA78D2ABC60AB0021A8B1 /* AppDelegate.swift in Sources */,
				0A9DA7EC2ABD92F30021A8B1 /* AuthViewModel.swift in Sources */,
				0A9DA7C82ABC66A30021A8B1 /* ScreenAssembly.swift in Sources */,
				0AB395C92AC49E1100BFE90F /* AuthState.swift in Sources */,
				0AB395CF2AC4BF6C00BFE90F /* AuthService.swift in Sources */,
				0AB395C32AC48ADE00BFE90F /* RegParameters.swift in Sources */,
				0A9DA7B72ABC66220021A8B1 /* MapViewController.swift in Sources */,
			);
			runOnlyForDeploymentPostprocessing = 0;
		};
/* End PBXSourcesBuildPhase section */

/* Begin PBXVariantGroup section */
		0A9DA7972ABC60AD0021A8B1 /* LaunchScreen.storyboard */ = {
			isa = PBXVariantGroup;
			children = (
				0A9DA7982ABC60AD0021A8B1 /* Base */,
			);
			name = LaunchScreen.storyboard;
			sourceTree = "<group>";
		};
/* End PBXVariantGroup section */

/* Begin XCBuildConfiguration section */
		0A9DA79B2ABC60AD0021A8B1 /* Debug */ = {
			isa = XCBuildConfiguration;
			buildSettings = {
				ALWAYS_SEARCH_USER_PATHS = NO;
				ASSETCATALOG_COMPILER_GENERATE_SWIFT_ASSET_SYMBOL_EXTENSIONS = YES;
				CLANG_ANALYZER_NONNULL = YES;
				CLANG_ANALYZER_NUMBER_OBJECT_CONVERSION = YES_AGGRESSIVE;
				CLANG_CXX_LANGUAGE_STANDARD = "gnu++20";
				CLANG_ENABLE_MODULES = YES;
				CLANG_ENABLE_OBJC_ARC = YES;
				CLANG_ENABLE_OBJC_WEAK = YES;
				CLANG_WARN_BLOCK_CAPTURE_AUTORELEASING = YES;
				CLANG_WARN_BOOL_CONVERSION = YES;
				CLANG_WARN_COMMA = YES;
				CLANG_WARN_CONSTANT_CONVERSION = YES;
				CLANG_WARN_DEPRECATED_OBJC_IMPLEMENTATIONS = YES;
				CLANG_WARN_DIRECT_OBJC_ISA_USAGE = YES_ERROR;
				CLANG_WARN_DOCUMENTATION_COMMENTS = YES;
				CLANG_WARN_EMPTY_BODY = YES;
				CLANG_WARN_ENUM_CONVERSION = YES;
				CLANG_WARN_INFINITE_RECURSION = YES;
				CLANG_WARN_INT_CONVERSION = YES;
				CLANG_WARN_NON_LITERAL_NULL_CONVERSION = YES;
				CLANG_WARN_OBJC_IMPLICIT_RETAIN_SELF = YES;
				CLANG_WARN_OBJC_LITERAL_CONVERSION = YES;
				CLANG_WARN_OBJC_ROOT_CLASS = YES_ERROR;
				CLANG_WARN_QUOTED_INCLUDE_IN_FRAMEWORK_HEADER = YES;
				CLANG_WARN_RANGE_LOOP_ANALYSIS = YES;
				CLANG_WARN_STRICT_PROTOTYPES = YES;
				CLANG_WARN_SUSPICIOUS_MOVE = YES;
				CLANG_WARN_UNGUARDED_AVAILABILITY = YES_AGGRESSIVE;
				CLANG_WARN_UNREACHABLE_CODE = YES;
				CLANG_WARN__DUPLICATE_METHOD_MATCH = YES;
				COPY_PHASE_STRIP = NO;
				DEBUG_INFORMATION_FORMAT = dwarf;
				ENABLE_STRICT_OBJC_MSGSEND = YES;
				ENABLE_TESTABILITY = YES;
				ENABLE_USER_SCRIPT_SANDBOXING = YES;
				GCC_C_LANGUAGE_STANDARD = gnu17;
				GCC_DYNAMIC_NO_PIC = NO;
				GCC_NO_COMMON_BLOCKS = YES;
				GCC_OPTIMIZATION_LEVEL = 0;
				GCC_PREPROCESSOR_DEFINITIONS = (
					"DEBUG=1",
					"$(inherited)",
				);
				GCC_WARN_64_TO_32_BIT_CONVERSION = YES;
				GCC_WARN_ABOUT_RETURN_TYPE = YES_ERROR;
				GCC_WARN_UNDECLARED_SELECTOR = YES;
				GCC_WARN_UNINITIALIZED_AUTOS = YES_AGGRESSIVE;
				GCC_WARN_UNUSED_FUNCTION = YES;
				GCC_WARN_UNUSED_VARIABLE = YES;
				IPHONEOS_DEPLOYMENT_TARGET = 15.0;
				LOCALIZATION_PREFERS_STRING_CATALOGS = YES;
				MTL_ENABLE_DEBUG_INFO = INCLUDE_SOURCE;
				MTL_FAST_MATH = YES;
				ONLY_ACTIVE_ARCH = YES;
				SDKROOT = iphoneos;
				SWIFT_ACTIVE_COMPILATION_CONDITIONS = "DEBUG $(inherited)";
				SWIFT_OPTIMIZATION_LEVEL = "-Onone";
			};
			name = Debug;
		};
		0A9DA79C2ABC60AD0021A8B1 /* Release */ = {
			isa = XCBuildConfiguration;
			buildSettings = {
				ALWAYS_SEARCH_USER_PATHS = NO;
				ASSETCATALOG_COMPILER_GENERATE_SWIFT_ASSET_SYMBOL_EXTENSIONS = YES;
				CLANG_ANALYZER_NONNULL = YES;
				CLANG_ANALYZER_NUMBER_OBJECT_CONVERSION = YES_AGGRESSIVE;
				CLANG_CXX_LANGUAGE_STANDARD = "gnu++20";
				CLANG_ENABLE_MODULES = YES;
				CLANG_ENABLE_OBJC_ARC = YES;
				CLANG_ENABLE_OBJC_WEAK = YES;
				CLANG_WARN_BLOCK_CAPTURE_AUTORELEASING = YES;
				CLANG_WARN_BOOL_CONVERSION = YES;
				CLANG_WARN_COMMA = YES;
				CLANG_WARN_CONSTANT_CONVERSION = YES;
				CLANG_WARN_DEPRECATED_OBJC_IMPLEMENTATIONS = YES;
				CLANG_WARN_DIRECT_OBJC_ISA_USAGE = YES_ERROR;
				CLANG_WARN_DOCUMENTATION_COMMENTS = YES;
				CLANG_WARN_EMPTY_BODY = YES;
				CLANG_WARN_ENUM_CONVERSION = YES;
				CLANG_WARN_INFINITE_RECURSION = YES;
				CLANG_WARN_INT_CONVERSION = YES;
				CLANG_WARN_NON_LITERAL_NULL_CONVERSION = YES;
				CLANG_WARN_OBJC_IMPLICIT_RETAIN_SELF = YES;
				CLANG_WARN_OBJC_LITERAL_CONVERSION = YES;
				CLANG_WARN_OBJC_ROOT_CLASS = YES_ERROR;
				CLANG_WARN_QUOTED_INCLUDE_IN_FRAMEWORK_HEADER = YES;
				CLANG_WARN_RANGE_LOOP_ANALYSIS = YES;
				CLANG_WARN_STRICT_PROTOTYPES = YES;
				CLANG_WARN_SUSPICIOUS_MOVE = YES;
				CLANG_WARN_UNGUARDED_AVAILABILITY = YES_AGGRESSIVE;
				CLANG_WARN_UNREACHABLE_CODE = YES;
				CLANG_WARN__DUPLICATE_METHOD_MATCH = YES;
				COPY_PHASE_STRIP = NO;
				DEBUG_INFORMATION_FORMAT = "dwarf-with-dsym";
				ENABLE_NS_ASSERTIONS = NO;
				ENABLE_STRICT_OBJC_MSGSEND = YES;
				ENABLE_USER_SCRIPT_SANDBOXING = YES;
				GCC_C_LANGUAGE_STANDARD = gnu17;
				GCC_NO_COMMON_BLOCKS = YES;
				GCC_WARN_64_TO_32_BIT_CONVERSION = YES;
				GCC_WARN_ABOUT_RETURN_TYPE = YES_ERROR;
				GCC_WARN_UNDECLARED_SELECTOR = YES;
				GCC_WARN_UNINITIALIZED_AUTOS = YES_AGGRESSIVE;
				GCC_WARN_UNUSED_FUNCTION = YES;
				GCC_WARN_UNUSED_VARIABLE = YES;
				IPHONEOS_DEPLOYMENT_TARGET = 15.0;
				LOCALIZATION_PREFERS_STRING_CATALOGS = YES;
				MTL_ENABLE_DEBUG_INFO = NO;
				MTL_FAST_MATH = YES;
				SDKROOT = iphoneos;
				SWIFT_COMPILATION_MODE = wholemodule;
				VALIDATE_PRODUCT = YES;
			};
			name = Release;
		};
		0A9DA79E2ABC60AD0021A8B1 /* Debug */ = {
			isa = XCBuildConfiguration;
			baseConfigurationReference = 0A9DA7A02ABC61150021A8B1 /* Config.xcconfig */;
			buildSettings = {
				ASSETCATALOG_COMPILER_APPICON_NAME = AppIcon;
				ASSETCATALOG_COMPILER_GLOBAL_ACCENT_COLOR_NAME = AccentColor;
				CODE_SIGN_STYLE = Automatic;
				CURRENT_PROJECT_VERSION = 1;
				DEVELOPMENT_TEAM = VEWJJ8ZGBW;
				GENERATE_INFOPLIST_FILE = YES;
				INFOPLIST_FILE = "Joy Dev Maps/Supporting Files/Info.plist";
				INFOPLIST_KEY_NSLocationAlwaysAndWhenInUseUsageDescription = "Разрешите определение вашего текущего местоположения для более точного поиска";
				INFOPLIST_KEY_NSLocationWhenInUseUsageDescription = "Разрешите определение вашего текущего местоположения для более точного поиска";
				INFOPLIST_KEY_UIApplicationSupportsIndirectInputEvents = YES;
				INFOPLIST_KEY_UILaunchStoryboardName = LaunchScreen;
				INFOPLIST_KEY_UISupportedInterfaceOrientations = UIInterfaceOrientationPortrait;
				IPHONEOS_DEPLOYMENT_TARGET = 15.0;
				LD_RUNPATH_SEARCH_PATHS = (
					"$(inherited)",
					"@executable_path/Frameworks",
				);
				MARKETING_VERSION = 1.0;
				PRODUCT_BUNDLE_IDENTIFIER = "ru.vikhlyaev.Joy-Dev-Maps";
				PRODUCT_NAME = "$(TARGET_NAME)";
				SUPPORTED_PLATFORMS = "iphoneos iphonesimulator";
				SUPPORTS_MACCATALYST = NO;
				SUPPORTS_MAC_DESIGNED_FOR_IPHONE_IPAD = NO;
				SWIFT_EMIT_LOC_STRINGS = YES;
				SWIFT_VERSION = 5.0;
				TARGETED_DEVICE_FAMILY = 1;
			};
			name = Debug;
		};
		0A9DA79F2ABC60AD0021A8B1 /* Release */ = {
			isa = XCBuildConfiguration;
			baseConfigurationReference = 0A9DA7A02ABC61150021A8B1 /* Config.xcconfig */;
			buildSettings = {
				ASSETCATALOG_COMPILER_APPICON_NAME = AppIcon;
				ASSETCATALOG_COMPILER_GLOBAL_ACCENT_COLOR_NAME = AccentColor;
				CODE_SIGN_STYLE = Automatic;
				CURRENT_PROJECT_VERSION = 1;
				DEVELOPMENT_TEAM = VEWJJ8ZGBW;
				GENERATE_INFOPLIST_FILE = YES;
				INFOPLIST_FILE = "Joy Dev Maps/Supporting Files/Info.plist";
				INFOPLIST_KEY_NSLocationAlwaysAndWhenInUseUsageDescription = "Разрешите определение вашего текущего местоположения для более точного поиска";
				INFOPLIST_KEY_NSLocationWhenInUseUsageDescription = "Разрешите определение вашего текущего местоположения для более точного поиска";
				INFOPLIST_KEY_UIApplicationSupportsIndirectInputEvents = YES;
				INFOPLIST_KEY_UILaunchStoryboardName = LaunchScreen;
				INFOPLIST_KEY_UISupportedInterfaceOrientations = UIInterfaceOrientationPortrait;
				IPHONEOS_DEPLOYMENT_TARGET = 15.0;
				LD_RUNPATH_SEARCH_PATHS = (
					"$(inherited)",
					"@executable_path/Frameworks",
				);
				MARKETING_VERSION = 1.0;
				PRODUCT_BUNDLE_IDENTIFIER = "ru.vikhlyaev.Joy-Dev-Maps";
				PRODUCT_NAME = "$(TARGET_NAME)";
				SUPPORTED_PLATFORMS = "iphoneos iphonesimulator";
				SUPPORTS_MACCATALYST = NO;
				SUPPORTS_MAC_DESIGNED_FOR_IPHONE_IPAD = NO;
				SWIFT_EMIT_LOC_STRINGS = YES;
				SWIFT_VERSION = 5.0;
				TARGETED_DEVICE_FAMILY = 1;
			};
			name = Release;
		};
/* End XCBuildConfiguration section */

/* Begin XCConfigurationList section */
		0A9DA7842ABC60AB0021A8B1 /* Build configuration list for PBXProject "Joy Dev Maps" */ = {
			isa = XCConfigurationList;
			buildConfigurations = (
				0A9DA79B2ABC60AD0021A8B1 /* Debug */,
				0A9DA79C2ABC60AD0021A8B1 /* Release */,
			);
			defaultConfigurationIsVisible = 0;
			defaultConfigurationName = Release;
		};
		0A9DA79D2ABC60AD0021A8B1 /* Build configuration list for PBXNativeTarget "Joy Dev Maps" */ = {
			isa = XCConfigurationList;
			buildConfigurations = (
				0A9DA79E2ABC60AD0021A8B1 /* Debug */,
				0A9DA79F2ABC60AD0021A8B1 /* Release */,
			);
			defaultConfigurationIsVisible = 0;
			defaultConfigurationName = Release;
		};
/* End XCConfigurationList section */
	};
	rootObject = 0A9DA7812ABC60AB0021A8B1 /* Project object */;
}
